// !$*UTF8*$!
{
	archiveVersion = 1;
	classes = {
	};
	objectVersion = 50;
	objects = {

/* Begin PBXBuildFile section */
		A1E77CB822A29EC000002776 /* AppDelegate.swift in Sources */ = {isa = PBXBuildFile; fileRef = A1E77CB722A29EC000002776 /* AppDelegate.swift */; };
		A1E77CBA22A29EC000002776 /* ViewController.swift in Sources */ = {isa = PBXBuildFile; fileRef = A1E77CB922A29EC000002776 /* ViewController.swift */; };
		A1E77CBD22A29EC000002776 /* Main.storyboard in Resources */ = {isa = PBXBuildFile; fileRef = A1E77CBB22A29EC000002776 /* Main.storyboard */; };
		A1E77CBF22A29EC100002776 /* Assets.xcassets in Resources */ = {isa = PBXBuildFile; fileRef = A1E77CBE22A29EC100002776 /* Assets.xcassets */; };
		A1E77CC222A29EC100002776 /* LaunchScreen.storyboard in Resources */ = {isa = PBXBuildFile; fileRef = A1E77CC022A29EC100002776 /* LaunchScreen.storyboard */; };
		A1E77CCD22A29EC100002776 /* TermProjectTests.swift in Sources */ = {isa = PBXBuildFile; fileRef = A1E77CCC22A29EC100002776 /* TermProjectTests.swift */; };
		A1E77CD822A29EC100002776 /* TermProjectUITests.swift in Sources */ = {isa = PBXBuildFile; fileRef = A1E77CD722A29EC100002776 /* TermProjectUITests.swift */; };
		A1E77CE622A2A49A00002776 /* AnimalSearchTableViewController.swift in Sources */ = {isa = PBXBuildFile; fileRef = A1E77CE522A2A49A00002776 /* AnimalSearchTableViewController.swift */; };
		A1E77CE822A2A6CC00002776 /* AnimalMapViewController.swift in Sources */ = {isa = PBXBuildFile; fileRef = A1E77CE722A2A6CC00002776 /* AnimalMapViewController.swift */; };
		A1E77CEA22A2C88400002776 /* HappenPlace.swift in Sources */ = {isa = PBXBuildFile; fileRef = A1E77CE922A2C88400002776 /* HappenPlace.swift */; };
/* End PBXBuildFile section */

/* Begin PBXContainerItemProxy section */
		A1E77CC922A29EC100002776 /* PBXContainerItemProxy */ = {
			isa = PBXContainerItemProxy;
			containerPortal = A1E77CAC22A29EC000002776 /* Project object */;
			proxyType = 1;
			remoteGlobalIDString = A1E77CB322A29EC000002776;
			remoteInfo = TermProject;
		};
		A1E77CD422A29EC100002776 /* PBXContainerItemProxy */ = {
			isa = PBXContainerItemProxy;
			containerPortal = A1E77CAC22A29EC000002776 /* Project object */;
			proxyType = 1;
			remoteGlobalIDString = A1E77CB322A29EC000002776;
			remoteInfo = TermProject;
		};
/* End PBXContainerItemProxy section */

/* Begin PBXFileReference section */
		A1E77CB422A29EC000002776 /* TermProject.app */ = {isa = PBXFileReference; explicitFileType = wrapper.application; includeInIndex = 0; path = TermProject.app; sourceTree = BUILT_PRODUCTS_DIR; };
		A1E77CB722A29EC000002776 /* AppDelegate.swift */ = {isa = PBXFileReference; lastKnownFileType = sourcecode.swift; path = AppDelegate.swift; sourceTree = "<group>"; };
		A1E77CB922A29EC000002776 /* ViewController.swift */ = {isa = PBXFileReference; lastKnownFileType = sourcecode.swift; path = ViewController.swift; sourceTree = "<group>"; };
		A1E77CBC22A29EC000002776 /* Base */ = {isa = PBXFileReference; lastKnownFileType = file.storyboard; name = Base; path = Base.lproj/Main.storyboard; sourceTree = "<group>"; };
		A1E77CBE22A29EC100002776 /* Assets.xcassets */ = {isa = PBXFileReference; lastKnownFileType = folder.assetcatalog; path = Assets.xcassets; sourceTree = "<group>"; };
		A1E77CC122A29EC100002776 /* Base */ = {isa = PBXFileReference; lastKnownFileType = file.storyboard; name = Base; path = Base.lproj/LaunchScreen.storyboard; sourceTree = "<group>"; };
		A1E77CC322A29EC100002776 /* Info.plist */ = {isa = PBXFileReference; lastKnownFileType = text.plist.xml; path = Info.plist; sourceTree = "<group>"; };
		A1E77CC822A29EC100002776 /* TermProjectTests.xctest */ = {isa = PBXFileReference; explicitFileType = wrapper.cfbundle; includeInIndex = 0; path = TermProjectTests.xctest; sourceTree = BUILT_PRODUCTS_DIR; };
		A1E77CCC22A29EC100002776 /* TermProjectTests.swift */ = {isa = PBXFileReference; lastKnownFileType = sourcecode.swift; path = TermProjectTests.swift; sourceTree = "<group>"; };
		A1E77CCE22A29EC100002776 /* Info.plist */ = {isa = PBXFileReference; lastKnownFileType = text.plist.xml; path = Info.plist; sourceTree = "<group>"; };
		A1E77CD322A29EC100002776 /* TermProjectUITests.xctest */ = {isa = PBXFileReference; explicitFileType = wrapper.cfbundle; includeInIndex = 0; path = TermProjectUITests.xctest; sourceTree = BUILT_PRODUCTS_DIR; };
		A1E77CD722A29EC100002776 /* TermProjectUITests.swift */ = {isa = PBXFileReference; lastKnownFileType = sourcecode.swift; path = TermProjectUITests.swift; sourceTree = "<group>"; };
		A1E77CD922A29EC100002776 /* Info.plist */ = {isa = PBXFileReference; lastKnownFileType = text.plist.xml; path = Info.plist; sourceTree = "<group>"; };
		A1E77CE522A2A49A00002776 /* AnimalSearchTableViewController.swift */ = {isa = PBXFileReference; lastKnownFileType = sourcecode.swift; path = AnimalSearchTableViewController.swift; sourceTree = "<group>"; };
		A1E77CE722A2A6CC00002776 /* AnimalMapViewController.swift */ = {isa = PBXFileReference; lastKnownFileType = sourcecode.swift; path = AnimalMapViewController.swift; sourceTree = "<group>"; };
		A1E77CE922A2C88400002776 /* HappenPlace.swift */ = {isa = PBXFileReference; lastKnownFileType = sourcecode.swift; path = HappenPlace.swift; sourceTree = "<group>"; };
/* End PBXFileReference section */

/* Begin PBXFrameworksBuildPhase section */
		A1E77CB122A29EC000002776 /* Frameworks */ = {
			isa = PBXFrameworksBuildPhase;
			buildActionMask = 2147483647;
			files = (
			);
			runOnlyForDeploymentPostprocessing = 0;
		};
		A1E77CC522A29EC100002776 /* Frameworks */ = {
			isa = PBXFrameworksBuildPhase;
			buildActionMask = 2147483647;
			files = (
			);
			runOnlyForDeploymentPostprocessing = 0;
		};
		A1E77CD022A29EC100002776 /* Frameworks */ = {
			isa = PBXFrameworksBuildPhase;
			buildActionMask = 2147483647;
			files = (
			);
			runOnlyForDeploymentPostprocessing = 0;
		};
/* End PBXFrameworksBuildPhase section */

/* Begin PBXGroup section */
		A1E77CAB22A29EC000002776 = {
			isa = PBXGroup;
			children = (
				A1E77CB622A29EC000002776 /* TermProject */,
				A1E77CCB22A29EC100002776 /* TermProjectTests */,
				A1E77CD622A29EC100002776 /* TermProjectUITests */,
				A1E77CB522A29EC000002776 /* Products */,
			);
			sourceTree = "<group>";
		};
		A1E77CB522A29EC000002776 /* Products */ = {
			isa = PBXGroup;
			children = (
				A1E77CB422A29EC000002776 /* TermProject.app */,
				A1E77CC822A29EC100002776 /* TermProjectTests.xctest */,
				A1E77CD322A29EC100002776 /* TermProjectUITests.xctest */,
			);
			name = Products;
			sourceTree = "<group>";
		};
		A1E77CB622A29EC000002776 /* TermProject */ = {
			isa = PBXGroup;
			children = (
				A1E77CB722A29EC000002776 /* AppDelegate.swift */,
				A1E77CB922A29EC000002776 /* ViewController.swift */,
				A1E77CBB22A29EC000002776 /* Main.storyboard */,
				A1E77CBE22A29EC100002776 /* Assets.xcassets */,
				A1E77CC022A29EC100002776 /* LaunchScreen.storyboard */,
				A1E77CC322A29EC100002776 /* Info.plist */,
				A1E77CE522A2A49A00002776 /* AnimalSearchTableViewController.swift */,
				A1E77CE722A2A6CC00002776 /* AnimalMapViewController.swift */,
				A1E77CE922A2C88400002776 /* HappenPlace.swift */,
			);
			path = TermProject;
			sourceTree = "<group>";
		};
		A1E77CCB22A29EC100002776 /* TermProjectTests */ = {
			isa = PBXGroup;
			children = (
				A1E77CCC22A29EC100002776 /* TermProjectTests.swift */,
				A1E77CCE22A29EC100002776 /* Info.plist */,
			);
			path = TermProjectTests;
			sourceTree = "<group>";
		};
		A1E77CD622A29EC100002776 /* TermProjectUITests */ = {
			isa = PBXGroup;
			children = (
				A1E77CD722A29EC100002776 /* TermProjectUITests.swift */,
				A1E77CD922A29EC100002776 /* Info.plist */,
			);
			path = TermProjectUITests;
			sourceTree = "<group>";
		};
/* End PBXGroup section */

/* Begin PBXNativeTarget section */
		A1E77CB322A29EC000002776 /* TermProject */ = {
			isa = PBXNativeTarget;
			buildConfigurationList = A1E77CDC22A29EC100002776 /* Build configuration list for PBXNativeTarget "TermProject" */;
			buildPhases = (
				A1E77CB022A29EC000002776 /* Sources */,
				A1E77CB122A29EC000002776 /* Frameworks */,
				A1E77CB222A29EC000002776 /* Resources */,
			);
			buildRules = (
			);
			dependencies = (
			);
			name = TermProject;
			productName = TermProject;
			productReference = A1E77CB422A29EC000002776 /* TermProject.app */;
			productType = "com.apple.product-type.application";
		};
		A1E77CC722A29EC100002776 /* TermProjectTests */ = {
			isa = PBXNativeTarget;
			buildConfigurationList = A1E77CDF22A29EC100002776 /* Build configuration list for PBXNativeTarget "TermProjectTests" */;
			buildPhases = (
				A1E77CC422A29EC100002776 /* Sources */,
				A1E77CC522A29EC100002776 /* Frameworks */,
				A1E77CC622A29EC100002776 /* Resources */,
			);
			buildRules = (
			);
			dependencies = (
				A1E77CCA22A29EC100002776 /* PBXTargetDependency */,
			);
			name = TermProjectTests;
			productName = TermProjectTests;
			productReference = A1E77CC822A29EC100002776 /* TermProjectTests.xctest */;
			productType = "com.apple.product-type.bundle.unit-test";
		};
		A1E77CD222A29EC100002776 /* TermProjectUITests */ = {
			isa = PBXNativeTarget;
			buildConfigurationList = A1E77CE222A29EC100002776 /* Build configuration list for PBXNativeTarget "TermProjectUITests" */;
			buildPhases = (
				A1E77CCF22A29EC100002776 /* Sources */,
				A1E77CD022A29EC100002776 /* Frameworks */,
				A1E77CD122A29EC100002776 /* Resources */,
			);
			buildRules = (
			);
			dependencies = (
				A1E77CD522A29EC100002776 /* PBXTargetDependency */,
			);
			name = TermProjectUITests;
			productName = TermProjectUITests;
			productReference = A1E77CD322A29EC100002776 /* TermProjectUITests.xctest */;
			productType = "com.apple.product-type.bundle.ui-testing";
		};
/* End PBXNativeTarget section */

/* Begin PBXProject section */
		A1E77CAC22A29EC000002776 /* Project object */ = {
			isa = PBXProject;
			attributes = {
				LastSwiftUpdateCheck = 1010;
				LastUpgradeCheck = 1010;
				ORGANIZATIONNAME = KPUGAME;
				TargetAttributes = {
					A1E77CB322A29EC000002776 = {
						CreatedOnToolsVersion = 10.1;
					};
					A1E77CC722A29EC100002776 = {
						CreatedOnToolsVersion = 10.1;
						TestTargetID = A1E77CB322A29EC000002776;
					};
					A1E77CD222A29EC100002776 = {
						CreatedOnToolsVersion = 10.1;
						TestTargetID = A1E77CB322A29EC000002776;
					};
				};
			};
			buildConfigurationList = A1E77CAF22A29EC000002776 /* Build configuration list for PBXProject "TermProject" */;
			compatibilityVersion = "Xcode 9.3";
			developmentRegion = en;
			hasScannedForEncodings = 0;
			knownRegions = (
				en,
				Base,
			);
			mainGroup = A1E77CAB22A29EC000002776;
			productRefGroup = A1E77CB522A29EC000002776 /* Products */;
			projectDirPath = "";
			projectRoot = "";
			targets = (
				A1E77CB322A29EC000002776 /* TermProject */,
				A1E77CC722A29EC100002776 /* TermProjectTests */,
				A1E77CD222A29EC100002776 /* TermProjectUITests */,
			);
		};
/* End PBXProject section */

/* Begin PBXResourcesBuildPhase section */
		A1E77CB222A29EC000002776 /* Resources */ = {
			isa = PBXResourcesBuildPhase;
			buildActionMask = 2147483647;
			files = (
				A1E77CC222A29EC100002776 /* LaunchScreen.storyboard in Resources */,
				A1E77CBF22A29EC100002776 /* Assets.xcassets in Resources */,
				A1E77CBD22A29EC000002776 /* Main.storyboard in Resources */,
			);
			runOnlyForDeploymentPostprocessing = 0;
		};
		A1E77CC622A29EC100002776 /* Resources */ = {
			isa = PBXResourcesBuildPhase;
			buildActionMask = 2147483647;
			files = (
			);
			runOnlyForDeploymentPostprocessing = 0;
		};
		A1E77CD122A29EC100002776 /* Resources */ = {
			isa = PBXResourcesBuildPhase;
			buildActionMask = 2147483647;
			files = (
			);
			runOnlyForDeploymentPostprocessing = 0;
		};
/* End PBXResourcesBuildPhase section */

/* Begin PBXSourcesBuildPhase section */
		A1E77CB022A29EC000002776 /* Sources */ = {
			isa = PBXSourcesBuildPhase;
			buildActionMask = 2147483647;
			files = (
				A1E77CE622A2A49A00002776 /* AnimalSearchTableViewController.swift in Sources */,
				A1E77CBA22A29EC000002776 /* ViewController.swift in Sources */,
				A1E77CEA22A2C88400002776 /* HappenPlace.swift in Sources */,
				A1E77CB822A29EC000002776 /* AppDelegate.swift in Sources */,
				A1E77CE822A2A6CC00002776 /* AnimalMapViewController.swift in Sources */,
			);
			runOnlyForDeploymentPostprocessing = 0;
		};
		A1E77CC422A29EC100002776 /* Sources */ = {
			isa = PBXSourcesBuildPhase;
			buildActionMask = 2147483647;
			files = (
				A1E77CCD22A29EC100002776 /* TermProjectTests.swift in Sources */,
			);
			runOnlyForDeploymentPostprocessing = 0;
		};
		A1E77CCF22A29EC100002776 /* Sources */ = {
			isa = PBXSourcesBuildPhase;
			buildActionMask = 2147483647;
			files = (
				A1E77CD822A29EC100002776 /* TermProjectUITests.swift in Sources */,
			);
			runOnlyForDeploymentPostprocessing = 0;
		};
/* End PBXSourcesBuildPhase section */

/* Begin PBXTargetDependency section */
		A1E77CCA22A29EC100002776 /* PBXTargetDependency */ = {
			isa = PBXTargetDependency;
			target = A1E77CB322A29EC000002776 /* TermProject */;
			targetProxy = A1E77CC922A29EC100002776 /* PBXContainerItemProxy */;
		};
		A1E77CD522A29EC100002776 /* PBXTargetDependency */ = {
			isa = PBXTargetDependency;
			target = A1E77CB322A29EC000002776 /* TermProject */;
			targetProxy = A1E77CD422A29EC100002776 /* PBXContainerItemProxy */;
		};
/* End PBXTargetDependency section */

/* Begin PBXVariantGroup section */
		A1E77CBB22A29EC000002776 /* Main.storyboard */ = {
			isa = PBXVariantGroup;
			children = (
				A1E77CBC22A29EC000002776 /* Base */,
			);
			name = Main.storyboard;
			sourceTree = "<group>";
		};
		A1E77CC022A29EC100002776 /* LaunchScreen.storyboard */ = {
			isa = PBXVariantGroup;
			children = (
				A1E77CC122A29EC100002776 /* Base */,
			);
			name = LaunchScreen.storyboard;
			sourceTree = "<group>";
		};
/* End PBXVariantGroup section */

/* Begin XCBuildConfiguration section */
		A1E77CDA22A29EC100002776 /* Debug */ = {
			isa = XCBuildConfiguration;
			buildSettings = {
				ALWAYS_SEARCH_USER_PATHS = NO;
				CLANG_ANALYZER_NONNULL = YES;
				CLANG_ANALYZER_NUMBER_OBJECT_CONVERSION = YES_AGGRESSIVE;
				CLANG_CXX_LANGUAGE_STANDARD = "gnu++14";
				CLANG_CXX_LIBRARY = "libc++";
				CLANG_ENABLE_MODULES = YES;
				CLANG_ENABLE_OBJC_ARC = YES;
				CLANG_ENABLE_OBJC_WEAK = YES;
				CLANG_WARN_BLOCK_CAPTURE_AUTORELEASING = YES;
				CLANG_WARN_BOOL_CONVERSION = YES;
				CLANG_WARN_COMMA = YES;
				CLANG_WARN_CONSTANT_CONVERSION = YES;
				CLANG_WARN_DEPRECATED_OBJC_IMPLEMENTATIONS = YES;
				CLANG_WARN_DIRECT_OBJC_ISA_USAGE = YES_ERROR;
				CLANG_WARN_DOCUMENTATION_COMMENTS = YES;
				CLANG_WARN_EMPTY_BODY = YES;
				CLANG_WARN_ENUM_CONVERSION = YES;
				CLANG_WARN_INFINITE_RECURSION = YES;
				CLANG_WARN_INT_CONVERSION = YES;
				CLANG_WARN_NON_LITERAL_NULL_CONVERSION = YES;
				CLANG_WARN_OBJC_IMPLICIT_RETAIN_SELF = YES;
				CLANG_WARN_OBJC_LITERAL_CONVERSION = YES;
				CLANG_WARN_OBJC_ROOT_CLASS = YES_ERROR;
				CLANG_WARN_RANGE_LOOP_ANALYSIS = YES;
				CLANG_WARN_STRICT_PROTOTYPES = YES;
				CLANG_WARN_SUSPICIOUS_MOVE = YES;
				CLANG_WARN_UNGUARDED_AVAILABILITY = YES_AGGRESSIVE;
				CLANG_WARN_UNREACHABLE_CODE = YES;
				CLANG_WARN__DUPLICATE_METHOD_MATCH = YES;
				CODE_SIGN_IDENTITY = "iPhone Developer";
				COPY_PHASE_STRIP = NO;
				DEBUG_INFORMATION_FORMAT = dwarf;
				ENABLE_STRICT_OBJC_MSGSEND = YES;
				ENABLE_TESTABILITY = YES;
				GCC_C_LANGUAGE_STANDARD = gnu11;
				GCC_DYNAMIC_NO_PIC = NO;
				GCC_NO_COMMON_BLOCKS = YES;
				GCC_OPTIMIZATION_LEVEL = 0;
				GCC_PREPROCESSOR_DEFINITIONS = (
					"DEBUG=1",
					"$(inherited)",
				);
				GCC_WARN_64_TO_32_BIT_CONVERSION = YES;
				GCC_WARN_ABOUT_RETURN_TYPE = YES_ERROR;
				GCC_WARN_UNDECLARED_SELECTOR = YES;
				GCC_WARN_UNINITIALIZED_AUTOS = YES_AGGRESSIVE;
				GCC_WARN_UNUSED_FUNCTION = YES;
				GCC_WARN_UNUSED_VARIABLE = YES;
				IPHONEOS_DEPLOYMENT_TARGET = 12.1;
				MTL_ENABLE_DEBUG_INFO = INCLUDE_SOURCE;
				MTL_FAST_MATH = YES;
				ONLY_ACTIVE_ARCH = YES;
				SDKROOT = iphoneos;
				SWIFT_ACTIVE_COMPILATION_CONDITIONS = DEBUG;
				SWIFT_OPTIMIZATION_LEVEL = "-Onone";
			};
			name = Debug;
		};
		A1E77CDB22A29EC100002776 /* Release */ = {
			isa = XCBuildConfiguration;
			buildSettings = {
				ALWAYS_SEARCH_USER_PATHS = NO;
				CLANG_ANALYZER_NONNULL = YES;
				CLANG_ANALYZER_NUMBER_OBJECT_CONVERSION = YES_AGGRESSIVE;
				CLANG_CXX_LANGUAGE_STANDARD = "gnu++14";
				CLANG_CXX_LIBRARY = "libc++";
				CLANG_ENABLE_MODULES = YES;
				CLANG_ENABLE_OBJC_ARC = YES;
				CLANG_ENABLE_OBJC_WEAK = YES;
				CLANG_WARN_BLOCK_CAPTURE_AUTORELEASING = YES;
				CLANG_WARN_BOOL_CONVERSION = YES;
				CLANG_WARN_COMMA = YES;
				CLANG_WARN_CONSTANT_CONVERSION = YES;
				CLANG_WARN_DEPRECATED_OBJC_IMPLEMENTATIONS = YES;
				CLANG_WARN_DIRECT_OBJC_ISA_USAGE = YES_ERROR;
				CLANG_WARN_DOCUMENTATION_COMMENTS = YES;
				CLANG_WARN_EMPTY_BODY = YES;
				CLANG_WARN_ENUM_CONVERSION = YES;
				CLANG_WARN_INFINITE_RECURSION = YES;
				CLANG_WARN_INT_CONVERSION = YES;
				CLANG_WARN_NON_LITERAL_NULL_CONVERSION = YES;
				CLANG_WARN_OBJC_IMPLICIT_RETAIN_SELF = YES;
				CLANG_WARN_OBJC_LITERAL_CONVERSION = YES;
				CLANG_WARN_OBJC_ROOT_CLASS = YES_ERROR;
				CLANG_WARN_RANGE_LOOP_ANALYSIS = YES;
				CLANG_WARN_STRICT_PROTOTYPES = YES;
				CLANG_WARN_SUSPICIOUS_MOVE = YES;
				CLANG_WARN_UNGUARDED_AVAILABILITY = YES_AGGRESSIVE;
				CLANG_WARN_UNREACHABLE_CODE = YES;
				CLANG_WARN__DUPLICATE_METHOD_MATCH = YES;
				CODE_SIGN_IDENTITY = "iPhone Developer";
				COPY_PHASE_STRIP = NO;
				DEBUG_INFORMATION_FORMAT = "dwarf-with-dsym";
				ENABLE_NS_ASSERTIONS = NO;
				ENABLE_STRICT_OBJC_MSGSEND = YES;
				GCC_C_LANGUAGE_STANDARD = gnu11;
				GCC_NO_COMMON_BLOCKS = YES;
				GCC_WARN_64_TO_32_BIT_CONVERSION = YES;
				GCC_WARN_ABOUT_RETURN_TYPE = YES_ERROR;
				GCC_WARN_UNDECLARED_SELECTOR = YES;
				GCC_WARN_UNINITIALIZED_AUTOS = YES_AGGRESSIVE;
				GCC_WARN_UNUSED_FUNCTION = YES;
				GCC_WARN_UNUSED_VARIABLE = YES;
				IPHONEOS_DEPLOYMENT_TARGET = 12.1;
				MTL_ENABLE_DEBUG_INFO = NO;
				MTL_FAST_MATH = YES;
				SDKROOT = iphoneos;
				SWIFT_COMPILATION_MODE = wholemodule;
				SWIFT_OPTIMIZATION_LEVEL = "-O";
				VALIDATE_PRODUCT = YES;
			};
			name = Release;
		};
		A1E77CDD22A29EC100002776 /* Debug */ = {
			isa = XCBuildConfiguration;
			buildSettings = {
				ASSETCATALOG_COMPILER_APPICON_NAME = AppIcon;
				CODE_SIGN_STYLE = Automatic;
				DEVELOPMENT_TEAM = T3D57T6H26;
				INFOPLIST_FILE = TermProject/Info.plist;
				LD_RUNPATH_SEARCH_PATHS = (
					"$(inherited)",
					"@executable_path/Frameworks",
				);
				PRODUCT_BUNDLE_IDENTIFIER = kpu.2019class.TermProject;
				PRODUCT_NAME = "$(TARGET_NAME)";
				SWIFT_VERSION = 4.2;
				TARGETED_DEVICE_FAMILY = "1,2";
			};
			name = Debug;
		};
		A1E77CDE22A29EC100002776 /* Release */ = {
			isa = XCBuildConfiguration;
			buildSettings = {
				ASSETCATALOG_COMPILER_APPICON_NAME = AppIcon;
				CODE_SIGN_STYLE = Automatic;
				DEVELOPMENT_TEAM = T3D57T6H26;
				INFOPLIST_FILE = TermProject/Info.plist;
				LD_RUNPATH_SEARCH_PATHS = (
					"$(inherited)",
					"@executable_path/Frameworks",
				);
				PRODUCT_BUNDLE_IDENTIFIER = kpu.2019class.TermProject;
				PRODUCT_NAME = "$(TARGET_NAME)";
				SWIFT_VERSION = 4.2;
				TARGETED_DEVICE_FAMILY = "1,2";
			};
			name = Release;
		};
		A1E77CE022A29EC100002776 /* Debug */ = {
			isa = XCBuildConfiguration;
			buildSettings = {
				ALWAYS_EMBED_SWIFT_STANDARD_LIBRARIES = YES;
				BUNDLE_LOADER = "$(TEST_HOST)";
				CODE_SIGN_STYLE = Automatic;
				DEVELOPMENT_TEAM = T3D57T6H26;
				INFOPLIST_FILE = TermProjectTests/Info.plist;
				LD_RUNPATH_SEARCH_PATHS = (
					"$(inherited)",
					"@executable_path/Frameworks",
					"@loader_path/Frameworks",
				);
				PRODUCT_BUNDLE_IDENTIFIER = kpu.2019class.TermProjectTests;
				PRODUCT_NAME = "$(TARGET_NAME)";
				SWIFT_VERSION = 4.2;
				TARGETED_DEVICE_FAMILY = "1,2";
				TEST_HOST = "$(BUILT_PRODUCTS_DIR)/TermProject.app/TermProject";
			};
			name = Debug;
		};
		A1E77CE122A29EC100002776 /* Release */ = {
			isa = XCBuildConfiguration;
			buildSettings = {
				ALWAYS_EMBED_SWIFT_STANDARD_LIBRARIES = YES;
				BUNDLE_LOADER = "$(TEST_HOST)";
				CODE_SIGN_STYLE = Automatic;
				DEVELOPMENT_TEAM = T3D57T6H26;
				INFOPLIST_FILE = TermProjectTests/Info.plist;
				LD_RUNPATH_SEARCH_PATHS = (
					"$(inherited)",
					"@executable_path/Frameworks",
					"@loader_path/Frameworks",
				);
				PRODUCT_BUNDLE_IDENTIFIER = kpu.2019class.TermProjectTests;
				PRODUCT_NAME = "$(TARGET_NAME)";
				SWIFT_VERSION = 4.2;
				TARGETED_DEVICE_FAMILY = "1,2";
				TEST_HOST = "$(BUILT_PRODUCTS_DIR)/TermProject.app/TermProject";
			};
			name = Release;
		};
		A1E77CE322A29EC100002776 /* Debug */ = {
			isa = XCBuildConfiguration;
			buildSettings = {
				ALWAYS_EMBED_SWIFT_STANDARD_LIBRARIES = YES;
				CODE_SIGN_STYLE = Automatic;
				DEVELOPMENT_TEAM = T3D57T6H26;
				INFOPLIST_FILE = TermProjectUITests/Info.plist;
				LD_RUNPATH_SEARCH_PATHS = (
					"$(inherited)",
					"@executable_path/Frameworks",
					"@loader_path/Frameworks",
				);
				PRODUCT_BUNDLE_IDENTIFIER = kpu.2019class.TermProjectUITests;
				PRODUCT_NAME = "$(TARGET_NAME)";
				SWIFT_VERSION = 4.2;
				TARGETED_DEVICE_FAMILY = "1,2";
				TEST_TARGET_NAME = TermProject;
			};
			name = Debug;
		};
		A1E77CE422A29EC100002776 /* Release */ = {
			isa = XCBuildConfiguration;
			buildSettings = {
				ALWAYS_EMBED_SWIFT_STANDARD_LIBRARIES = YES;
				CODE_SIGN_STYLE = Automatic;
				DEVELOPMENT_TEAM = T3D57T6H26;
				INFOPLIST_FILE = TermProjectUITests/Info.plist;
				LD_RUNPATH_SEARCH_PATHS = (
					"$(inherited)",
					"@executable_path/Frameworks",
					"@loader_path/Frameworks",
				);
				PRODUCT_BUNDLE_IDENTIFIER = kpu.2019class.TermProjectUITests;
				PRODUCT_NAME = "$(TARGET_NAME)";
				SWIFT_VERSION = 4.2;
				TARGETED_DEVICE_FAMILY = "1,2";
				TEST_TARGET_NAME = TermProject;
			};
			name = Release;
		};
/* End XCBuildConfiguration section */

/* Begin XCConfigurationList section */
		A1E77CAF22A29EC000002776 /* Build configuration list for PBXProject "TermProject" */ = {
			isa = XCConfigurationList;
			buildConfigurations = (
				A1E77CDA22A29EC100002776 /* Debug */,
				A1E77CDB22A29EC100002776 /* Release */,
			);
			defaultConfigurationIsVisible = 0;
			defaultConfigurationName = Release;
		};
		A1E77CDC22A29EC100002776 /* Build configuration list for PBXNativeTarget "TermProject" */ = {
			isa = XCConfigurationList;
			buildConfigurations = (
				A1E77CDD22A29EC100002776 /* Debug */,
				A1E77CDE22A29EC100002776 /* Release */,
			);
			defaultConfigurationIsVisible = 0;
			defaultConfigurationName = Release;
		};
		A1E77CDF22A29EC100002776 /* Build configuration list for PBXNativeTarget "TermProjectTests" */ = {
			isa = XCConfigurationList;
			buildConfigurations = (
				A1E77CE022A29EC100002776 /* Debug */,
				A1E77CE122A29EC100002776 /* Release */,
			);
			defaultConfigurationIsVisible = 0;
			defaultConfigurationName = Release;
		};
		A1E77CE222A29EC100002776 /* Build configuration list for PBXNativeTarget "TermProjectUITests" */ = {
			isa = XCConfigurationList;
			buildConfigurations = (
				A1E77CE322A29EC100002776 /* Debug */,
				A1E77CE422A29EC100002776 /* Release */,
			);
			defaultConfigurationIsVisible = 0;
			defaultConfigurationName = Release;
		};
/* End XCConfigurationList section */
	};
	rootObject = A1E77CAC22A29EC000002776 /* Project object */;
}
